<?xml version="1.0" encoding="utf-8"?>
<Project ToolsVersion="4.0" xmlns="http://schemas.microsoft.com/developer/msbuild/2003">
  <ItemGroup>
    <Filter Include="Core">
      <UniqueIdentifier>{dca36744-732c-4986-b8c4-6dc9d31f7dec}</UniqueIdentifier>
    </Filter>
    <Filter Include="Utility">
      <UniqueIdentifier>{1783a654-31da-443c-8620-cc7bf0a55620}</UniqueIdentifier>
    </Filter>
    <Filter Include="World">
      <UniqueIdentifier>{45891465-28f4-42df-b0ad-c6c891b01865}</UniqueIdentifier>
    </Filter>
    <Filter Include="World\Components">
      <UniqueIdentifier>{5654c9ba-8527-4f19-8d9c-3aa9784b6e9f}</UniqueIdentifier>
    </Filter>
    <Filter Include="Render">
      <UniqueIdentifier>{f8a11f38-7968-451d-b1a5-4e53eef97992}</UniqueIdentifier>
    </Filter>
    <Filter Include="World\Systems">
      <UniqueIdentifier>{de9eb7a0-a290-489d-beac-1ee482676958}</UniqueIdentifier>
    </Filter>
  </ItemGroup>
  <ItemGroup>
    <ClCompile Include="..\Src\Core\gl3w.c">
      <Filter>Core</Filter>
    </ClCompile>
    <ClCompile Include="..\Src\Core\Shader.cpp">
      <Filter>Core</Filter>
    </ClCompile>
    <ClCompile Include="..\Src\Core\OpenGLWindow.cpp">
      <Filter>Core</Filter>
    </ClCompile>
    <ClCompile Include="..\Src\Main.cpp" />
    <ClCompile Include="..\Src\Utility\Helper.cpp">
      <Filter>Utility</Filter>
    </ClCompile>
    <ClCompile Include="..\Src\Core\GLFWInput.cpp">
      <Filter>Core</Filter>
    </ClCompile>
    <ClCompile Include="..\Src\World\Components\Drawable.cpp">
      <Filter>World\Components</Filter>
    </ClCompile>
    <ClCompile Include="..\Src\World\World.cpp">
      <Filter>World</Filter>
    </ClCompile>
    <ClCompile Include="..\src\render\Circle.cpp">
      <Filter>Render</Filter>
    </ClCompile>
    <ClCompile Include="..\src\render\Mesh2D.cpp">
      <Filter>Render</Filter>
    </ClCompile>
    <ClCompile Include="..\src\render\Rectangle.cpp">
      <Filter>Render</Filter>
    </ClCompile>
    <ClCompile Include="..\src\glZombies.cpp" />
    <ClCompile Include="..\Src\World\Camera.cpp">
      <Filter>World</Filter>
    </ClCompile>
    <ClCompile Include="..\Src\Utility\Timer.cpp">
      <Filter>Utility</Filter>
    </ClCompile>
    <ClCompile Include="..\Src\World\Systems\DrawableSystem.cpp">
      <Filter>World\Systems</Filter>
    </ClCompile>
    <ClCompile Include="..\Src\World\Systems\SpatialSystem.cpp">
      <Filter>World\Systems</Filter>
    </ClCompile>
    <ClCompile Include="..\Src\World\Systems\System.cpp">
      <Filter>World\Systems</Filter>
    </ClCompile>
    <ClCompile Include="..\Src\World\Components\Spatial.cpp">
      <Filter>World\Components</Filter>
    </ClCompile>
    <ClCompile Include="..\Src\World\Components\AI.cpp">
      <Filter>World\Components</Filter>
    </ClCompile>
    <ClCompile Include="..\Src\World\Components\SteeringBehaviors.cpp">
      <Filter>World\Components</Filter>
    </ClCompile>
    <ClCompile Include="..\Src\World\Systems\AISystem.cpp" />
  </ItemGroup>
  <ItemGroup>
    <ClInclude Include="..\Src\Core\Shader.h">
      <Filter>Core</Filter>
    </ClInclude>
    <ClInclude Include="..\Src\Constants.h" />
    <ClInclude Include="..\Src\Core\OpenGLWindow.h">
      <Filter>Core</Filter>
    </ClInclude>
    <ClInclude Include="..\Src\Main.h" />
    <ClInclude Include="..\src\utility\Vec2.h">
      <Filter>Utility</Filter>
    </ClInclude>
    <ClInclude Include="..\Src\Utility\Helper.h">
      <Filter>Utility</Filter>
    </ClInclude>
    <ClInclude Include="..\Src\Core\GLFWInput.h">
      <Filter>Core</Filter>
    </ClInclude>
    <ClInclude Include="..\src\world\Components\Drawable.h">
      <Filter>World\Components</Filter>
    </ClInclude>
    <ClInclude Include="..\Src\World\World.h">
      <Filter>World</Filter>
    </ClInclude>
    <ClInclude Include="..\src\render\Circle.h">
      <Filter>Render</Filter>
    </ClInclude>
    <ClInclude Include="..\src\render\Mesh2D.h">
      <Filter>Render</Filter>
    </ClInclude>
    <ClInclude Include="..\src\render\Rectangle.h">
      <Filter>Render</Filter>
    </ClInclude>
    <ClInclude Include="..\src\glZombies.h" />
    <ClInclude Include="..\src\render\Render.h">
      <Filter>Render</Filter>
    </ClInclude>
    <ClInclude Include="..\Src\Core\Core.h">
      <Filter>Core</Filter>
    </ClInclude>
    <ClInclude Include="..\Src\World\Camera.h">
      <Filter>World</Filter>
    </ClInclude>
    <ClInclude Include="..\Src\Utility\Timer.h">
      <Filter>Utility</Filter>
    </ClInclude>
    <ClInclude Include="..\Src\World\Systems\System.h">
      <Filter>World\Systems</Filter>
    </ClInclude>
    <ClInclude Include="..\src\world\components\Component.h">
      <Filter>World\Components</Filter>
    </ClInclude>
    <ClInclude Include="..\Src\World\Entity.h">
      <Filter>World</Filter>
    </ClInclude>
    <ClInclude Include="..\Src\World\Systems\DrawableSystem.h">
      <Filter>World\Systems</Filter>
    </ClInclude>
    <ClInclude Include="..\Src\World\Systems\SpatialSystem.h">
      <Filter>World\Systems</Filter>
    </ClInclude>
    <ClInclude Include="..\Src\World\Components\Spatial.h">
      <Filter>World\Components</Filter>
    </ClInclude>
    <ClInclude Include="..\Src\Utility\Mat3.h">
      <Filter>Utility</Filter>
    </ClInclude>
    <ClInclude Include="..\Src\World\Components\AI.h">
      <Filter>World\Components</Filter>
    </ClInclude>
    <ClInclude Include="..\Src\World\Components\SteeringBehaviors.h">
      <Filter>World\Components</Filter>
    </ClInclude>
    <ClInclude Include="..\Src\World\Systems\AISystem.h">
      <Filter>World\Systems</Filter>
    </ClInclude>
  </ItemGroup>
  <ItemGroup>
    <None Include="..\Bin\standard.frag" />
    <None Include="..\Bin\standard.vert" />
  </ItemGroup>
</Project>